// !$*UTF8*$!
{
	archiveVersion = 1;
	classes = {
	};
	objectVersion = 50;
	objects = {

/* Begin PBXBuildFile section */
		6A5F8F1724318DD700A37D51 /* AppDelegate.swift in Sources */ = {isa = PBXBuildFile; fileRef = 6A5F8F1624318DD700A37D51 /* AppDelegate.swift */; };
		6A5F8F1924318DD700A37D51 /* SceneDelegate.swift in Sources */ = {isa = PBXBuildFile; fileRef = 6A5F8F1824318DD700A37D51 /* SceneDelegate.swift */; };
		6A5F8F1C24318DD700A37D51 /* VocabListSwiftUI.xcdatamodeld in Sources */ = {isa = PBXBuildFile; fileRef = 6A5F8F1A24318DD700A37D51 /* VocabListSwiftUI.xcdatamodeld */; };
		6A5F8F1E24318DD700A37D51 /* ContentView.swift in Sources */ = {isa = PBXBuildFile; fileRef = 6A5F8F1D24318DD700A37D51 /* ContentView.swift */; };
		6A5F8F2024318DDB00A37D51 /* Assets.xcassets in Resources */ = {isa = PBXBuildFile; fileRef = 6A5F8F1F24318DDB00A37D51 /* Assets.xcassets */; };
		6A5F8F2324318DDB00A37D51 /* Preview Assets.xcassets in Resources */ = {isa = PBXBuildFile; fileRef = 6A5F8F2224318DDB00A37D51 /* Preview Assets.xcassets */; };
		6A5F8F2624318DDB00A37D51 /* LaunchScreen.storyboard in Resources */ = {isa = PBXBuildFile; fileRef = 6A5F8F2424318DDB00A37D51 /* LaunchScreen.storyboard */; };
		6A5F8F3124318DDB00A37D51 /* VocabListSwiftUITests.swift in Sources */ = {isa = PBXBuildFile; fileRef = 6A5F8F3024318DDB00A37D51 /* VocabListSwiftUITests.swift */; };
		6A5F8F3C24318DDB00A37D51 /* VocabListSwiftUIUITests.swift in Sources */ = {isa = PBXBuildFile; fileRef = 6A5F8F3B24318DDB00A37D51 /* VocabListSwiftUIUITests.swift */; };
		6A5F8F4A2431957600A37D51 /* VocabListView.swift in Sources */ = {isa = PBXBuildFile; fileRef = 6A5F8F492431957600A37D51 /* VocabListView.swift */; };
/* End PBXBuildFile section */

/* Begin PBXContainerItemProxy section */
		6A5F8F2D24318DDB00A37D51 /* PBXContainerItemProxy */ = {
			isa = PBXContainerItemProxy;
			containerPortal = 6A5F8F0B24318DD700A37D51 /* Project object */;
			proxyType = 1;
			remoteGlobalIDString = 6A5F8F1224318DD700A37D51;
			remoteInfo = VocabListSwiftUI;
		};
		6A5F8F3824318DDB00A37D51 /* PBXContainerItemProxy */ = {
			isa = PBXContainerItemProxy;
			containerPortal = 6A5F8F0B24318DD700A37D51 /* Project object */;
			proxyType = 1;
			remoteGlobalIDString = 6A5F8F1224318DD700A37D51;
			remoteInfo = VocabListSwiftUI;
		};
/* End PBXContainerItemProxy section */

/* Begin PBXFileReference section */
		6A5F8F1324318DD700A37D51 /* VocabListSwiftUI.app */ = {isa = PBXFileReference; explicitFileType = wrapper.application; includeInIndex = 0; path = VocabListSwiftUI.app; sourceTree = BUILT_PRODUCTS_DIR; };
		6A5F8F1624318DD700A37D51 /* AppDelegate.swift */ = {isa = PBXFileReference; lastKnownFileType = sourcecode.swift; path = AppDelegate.swift; sourceTree = "<group>"; };
		6A5F8F1824318DD700A37D51 /* SceneDelegate.swift */ = {isa = PBXFileReference; lastKnownFileType = sourcecode.swift; path = SceneDelegate.swift; sourceTree = "<group>"; };
		6A5F8F1B24318DD700A37D51 /* VocabListSwiftUI.xcdatamodel */ = {isa = PBXFileReference; lastKnownFileType = wrapper.xcdatamodel; path = VocabListSwiftUI.xcdatamodel; sourceTree = "<group>"; };
		6A5F8F1D24318DD700A37D51 /* ContentView.swift */ = {isa = PBXFileReference; lastKnownFileType = sourcecode.swift; path = ContentView.swift; sourceTree = "<group>"; };
		6A5F8F1F24318DDB00A37D51 /* Assets.xcassets */ = {isa = PBXFileReference; lastKnownFileType = folder.assetcatalog; path = Assets.xcassets; sourceTree = "<group>"; };
		6A5F8F2224318DDB00A37D51 /* Preview Assets.xcassets */ = {isa = PBXFileReference; lastKnownFileType = folder.assetcatalog; path = "Preview Assets.xcassets"; sourceTree = "<group>"; };
		6A5F8F2524318DDB00A37D51 /* Base */ = {isa = PBXFileReference; lastKnownFileType = file.storyboard; name = Base; path = Base.lproj/LaunchScreen.storyboard; sourceTree = "<group>"; };
		6A5F8F2724318DDB00A37D51 /* Info.plist */ = {isa = PBXFileReference; lastKnownFileType = text.plist.xml; path = Info.plist; sourceTree = "<group>"; };
		6A5F8F2C24318DDB00A37D51 /* VocabListSwiftUITests.xctest */ = {isa = PBXFileReference; explicitFileType = wrapper.cfbundle; includeInIndex = 0; path = VocabListSwiftUITests.xctest; sourceTree = BUILT_PRODUCTS_DIR; };
		6A5F8F3024318DDB00A37D51 /* VocabListSwiftUITests.swift */ = {isa = PBXFileReference; lastKnownFileType = sourcecode.swift; path = VocabListSwiftUITests.swift; sourceTree = "<group>"; };
		6A5F8F3224318DDB00A37D51 /* Info.plist */ = {isa = PBXFileReference; lastKnownFileType = text.plist.xml; path = Info.plist; sourceTree = "<group>"; };
		6A5F8F3724318DDB00A37D51 /* VocabListSwiftUIUITests.xctest */ = {isa = PBXFileReference; explicitFileType = wrapper.cfbundle; includeInIndex = 0; path = VocabListSwiftUIUITests.xctest; sourceTree = BUILT_PRODUCTS_DIR; };
		6A5F8F3B24318DDB00A37D51 /* VocabListSwiftUIUITests.swift */ = {isa = PBXFileReference; lastKnownFileType = sourcecode.swift; path = VocabListSwiftUIUITests.swift; sourceTree = "<group>"; };
		6A5F8F3D24318DDB00A37D51 /* Info.plist */ = {isa = PBXFileReference; lastKnownFileType = text.plist.xml; path = Info.plist; sourceTree = "<group>"; };
		6A5F8F492431957600A37D51 /* VocabListView.swift */ = {isa = PBXFileReference; lastKnownFileType = sourcecode.swift; path = VocabListView.swift; sourceTree = "<group>"; };
/* End PBXFileReference section */

/* Begin PBXFrameworksBuildPhase section */
		6A5F8F1024318DD700A37D51 /* Frameworks */ = {
			isa = PBXFrameworksBuildPhase;
			buildActionMask = 2147483647;
			files = (
			);
			runOnlyForDeploymentPostprocessing = 0;
		};
		6A5F8F2924318DDB00A37D51 /* Frameworks */ = {
			isa = PBXFrameworksBuildPhase;
			buildActionMask = 2147483647;
			files = (
			);
			runOnlyForDeploymentPostprocessing = 0;
		};
		6A5F8F3424318DDB00A37D51 /* Frameworks */ = {
			isa = PBXFrameworksBuildPhase;
			buildActionMask = 2147483647;
			files = (
			);
			runOnlyForDeploymentPostprocessing = 0;
		};
/* End PBXFrameworksBuildPhase section */

/* Begin PBXGroup section */
		6A5F8F0A24318DD700A37D51 = {
			isa = PBXGroup;
			children = (
				6A5F8F1524318DD700A37D51 /* VocabListSwiftUI */,
				6A5F8F2F24318DDB00A37D51 /* VocabListSwiftUITests */,
				6A5F8F3A24318DDB00A37D51 /* VocabListSwiftUIUITests */,
				6A5F8F1424318DD700A37D51 /* Products */,
			);
			sourceTree = "<group>";
		};
		6A5F8F1424318DD700A37D51 /* Products */ = {
			isa = PBXGroup;
			children = (
				6A5F8F1324318DD700A37D51 /* VocabListSwiftUI.app */,
				6A5F8F2C24318DDB00A37D51 /* VocabListSwiftUITests.xctest */,
				6A5F8F3724318DDB00A37D51 /* VocabListSwiftUIUITests.xctest */,
			);
			name = Products;
			sourceTree = "<group>";
		};
		6A5F8F1524318DD700A37D51 /* VocabListSwiftUI */ = {
			isa = PBXGroup;
			children = (
				6A5F8F1624318DD700A37D51 /* AppDelegate.swift */,
				6A5F8F1824318DD700A37D51 /* SceneDelegate.swift */,
				6A5F8F1D24318DD700A37D51 /* ContentView.swift */,
				6A5F8F1F24318DDB00A37D51 /* Assets.xcassets */,
				6A5F8F2424318DDB00A37D51 /* LaunchScreen.storyboard */,
				6A5F8F2724318DDB00A37D51 /* Info.plist */,
				6A5F8F1A24318DD700A37D51 /* VocabListSwiftUI.xcdatamodeld */,
				6A5F8F2124318DDB00A37D51 /* Preview Content */,
				6A5F8F492431957600A37D51 /* VocabListView.swift */,
			);
			path = VocabListSwiftUI;
			sourceTree = "<group>";
		};
		6A5F8F2124318DDB00A37D51 /* Preview Content */ = {
			isa = PBXGroup;
			children = (
				6A5F8F2224318DDB00A37D51 /* Preview Assets.xcassets */,
			);
			path = "Preview Content";
			sourceTree = "<group>";
		};
		6A5F8F2F24318DDB00A37D51 /* VocabListSwiftUITests */ = {
			isa = PBXGroup;
			children = (
				6A5F8F3024318DDB00A37D51 /* VocabListSwiftUITests.swift */,
				6A5F8F3224318DDB00A37D51 /* Info.plist */,
			);
			path = VocabListSwiftUITests;
			sourceTree = "<group>";
		};
		6A5F8F3A24318DDB00A37D51 /* VocabListSwiftUIUITests */ = {
			isa = PBXGroup;
			children = (
				6A5F8F3B24318DDB00A37D51 /* VocabListSwiftUIUITests.swift */,
				6A5F8F3D24318DDB00A37D51 /* Info.plist */,
			);
			path = VocabListSwiftUIUITests;
			sourceTree = "<group>";
		};
/* End PBXGroup section */

/* Begin PBXNativeTarget section */
		6A5F8F1224318DD700A37D51 /* VocabListSwiftUI */ = {
			isa = PBXNativeTarget;
			buildConfigurationList = 6A5F8F4024318DDB00A37D51 /* Build configuration list for PBXNativeTarget "VocabListSwiftUI" */;
			buildPhases = (
				6A5F8F0F24318DD700A37D51 /* Sources */,
				6A5F8F1024318DD700A37D51 /* Frameworks */,
				6A5F8F1124318DD700A37D51 /* Resources */,
			);
			buildRules = (
			);
			dependencies = (
			);
			name = VocabListSwiftUI;
			productName = VocabListSwiftUI;
			productReference = 6A5F8F1324318DD700A37D51 /* VocabListSwiftUI.app */;
			productType = "com.apple.product-type.application";
		};
		6A5F8F2B24318DDB00A37D51 /* VocabListSwiftUITests */ = {
			isa = PBXNativeTarget;
			buildConfigurationList = 6A5F8F4324318DDB00A37D51 /* Build configuration list for PBXNativeTarget "VocabListSwiftUITests" */;
			buildPhases = (
				6A5F8F2824318DDB00A37D51 /* Sources */,
				6A5F8F2924318DDB00A37D51 /* Frameworks */,
				6A5F8F2A24318DDB00A37D51 /* Resources */,
			);
			buildRules = (
			);
			dependencies = (
				6A5F8F2E24318DDB00A37D51 /* PBXTargetDependency */,
			);
			name = VocabListSwiftUITests;
			productName = VocabListSwiftUITests;
			productReference = 6A5F8F2C24318DDB00A37D51 /* VocabListSwiftUITests.xctest */;
			productType = "com.apple.product-type.bundle.unit-test";
		};
		6A5F8F3624318DDB00A37D51 /* VocabListSwiftUIUITests */ = {
			isa = PBXNativeTarget;
			buildConfigurationList = 6A5F8F4624318DDB00A37D51 /* Build configuration list for PBXNativeTarget "VocabListSwiftUIUITests" */;
			buildPhases = (
				6A5F8F3324318DDB00A37D51 /* Sources */,
				6A5F8F3424318DDB00A37D51 /* Frameworks */,
				6A5F8F3524318DDB00A37D51 /* Resources */,
			);
			buildRules = (
			);
			dependencies = (
				6A5F8F3924318DDB00A37D51 /* PBXTargetDependency */,
			);
			name = VocabListSwiftUIUITests;
			productName = VocabListSwiftUIUITests;
			productReference = 6A5F8F3724318DDB00A37D51 /* VocabListSwiftUIUITests.xctest */;
			productType = "com.apple.product-type.bundle.ui-testing";
		};
/* End PBXNativeTarget section */

/* Begin PBXProject section */
		6A5F8F0B24318DD700A37D51 /* Project object */ = {
			isa = PBXProject;
			attributes = {
				LastSwiftUpdateCheck = 1120;
				LastUpgradeCheck = 1120;
				ORGANIZATIONNAME = "Naw Su Su Nyein";
				TargetAttributes = {
					6A5F8F1224318DD700A37D51 = {
						CreatedOnToolsVersion = 11.2;
					};
					6A5F8F2B24318DDB00A37D51 = {
						CreatedOnToolsVersion = 11.2;
						TestTargetID = 6A5F8F1224318DD700A37D51;
					};
					6A5F8F3624318DDB00A37D51 = {
						CreatedOnToolsVersion = 11.2;
						TestTargetID = 6A5F8F1224318DD700A37D51;
					};
				};
			};
			buildConfigurationList = 6A5F8F0E24318DD700A37D51 /* Build configuration list for PBXProject "VocabListSwiftUI" */;
			compatibilityVersion = "Xcode 9.3";
			developmentRegion = en;
			hasScannedForEncodings = 0;
			knownRegions = (
				en,
				Base,
			);
			mainGroup = 6A5F8F0A24318DD700A37D51;
			productRefGroup = 6A5F8F1424318DD700A37D51 /* Products */;
			projectDirPath = "";
			projectRoot = "";
			targets = (
				6A5F8F1224318DD700A37D51 /* VocabListSwiftUI */,
				6A5F8F2B24318DDB00A37D51 /* VocabListSwiftUITests */,
				6A5F8F3624318DDB00A37D51 /* VocabListSwiftUIUITests */,
			);
		};
/* End PBXProject section */

/* Begin PBXResourcesBuildPhase section */
		6A5F8F1124318DD700A37D51 /* Resources */ = {
			isa = PBXResourcesBuildPhase;
			buildActionMask = 2147483647;
			files = (
				6A5F8F2624318DDB00A37D51 /* LaunchScreen.storyboard in Resources */,
				6A5F8F2324318DDB00A37D51 /* Preview Assets.xcassets in Resources */,
				6A5F8F2024318DDB00A37D51 /* Assets.xcassets in Resources */,
			);
			runOnlyForDeploymentPostprocessing = 0;
		};
		6A5F8F2A24318DDB00A37D51 /* Resources */ = {
			isa = PBXResourcesBuildPhase;
			buildActionMask = 2147483647;
			files = (
			);
			runOnlyForDeploymentPostprocessing = 0;
		};
		6A5F8F3524318DDB00A37D51 /* Resources */ = {
			isa = PBXResourcesBuildPhase;
			buildActionMask = 2147483647;
			files = (
			);
			runOnlyForDeploymentPostprocessing = 0;
		};
/* End PBXResourcesBuildPhase section */

/* Begin PBXSourcesBuildPhase section */
		6A5F8F0F24318DD700A37D51 /* Sources */ = {
			isa = PBXSourcesBuildPhase;
			buildActionMask = 2147483647;
			files = (
				6A5F8F1724318DD700A37D51 /* AppDelegate.swift in Sources */,
				6A5F8F1C24318DD700A37D51 /* VocabListSwiftUI.xcdatamodeld in Sources */,
				6A5F8F1E24318DD700A37D51 /* ContentView.swift in Sources */,
				6A5F8F1924318DD700A37D51 /* SceneDelegate.swift in Sources */,
				6A5F8F4A2431957600A37D51 /* VocabListView.swift in Sources */,
			);
			runOnlyForDeploymentPostprocessing = 0;
		};
		6A5F8F2824318DDB00A37D51 /* Sources */ = {
			isa = PBXSourcesBuildPhase;
			buildActionMask = 2147483647;
			files = (
				6A5F8F3124318DDB00A37D51 /* VocabListSwiftUITests.swift in Sources */,
			);
			runOnlyForDeploymentPostprocessing = 0;
		};
		6A5F8F3324318DDB00A37D51 /* Sources */ = {
			isa = PBXSourcesBuildPhase;
			buildActionMask = 2147483647;
			files = (
				6A5F8F3C24318DDB00A37D51 /* VocabListSwiftUIUITests.swift in Sources */,
			);
			runOnlyForDeploymentPostprocessing = 0;
		};
/* End PBXSourcesBuildPhase section */

/* Begin PBXTargetDependency section */
		6A5F8F2E24318DDB00A37D51 /* PBXTargetDependency */ = {
			isa = PBXTargetDependency;
			target = 6A5F8F1224318DD700A37D51 /* VocabListSwiftUI */;
			targetProxy = 6A5F8F2D24318DDB00A37D51 /* PBXContainerItemProxy */;
		};
		6A5F8F3924318DDB00A37D51 /* PBXTargetDependency */ = {
			isa = PBXTargetDependency;
			target = 6A5F8F1224318DD700A37D51 /* VocabListSwiftUI */;
			targetProxy = 6A5F8F3824318DDB00A37D51 /* PBXContainerItemProxy */;
		};
/* End PBXTargetDependency section */

/* Begin PBXVariantGroup section */
		6A5F8F2424318DDB00A37D51 /* LaunchScreen.storyboard */ = {
			isa = PBXVariantGroup;
			children = (
				6A5F8F2524318DDB00A37D51 /* Base */,
			);
			name = LaunchScreen.storyboard;
			sourceTree = "<group>";
		};
/* End PBXVariantGroup section */

/* Begin XCBuildConfiguration section */
		6A5F8F3E24318DDB00A37D51 /* Debug */ = {
			isa = XCBuildConfiguration;
			buildSettings = {
				ALWAYS_SEARCH_USER_PATHS = NO;
				CLANG_ANALYZER_NONNULL = YES;
				CLANG_ANALYZER_NUMBER_OBJECT_CONVERSION = YES_AGGRESSIVE;
				CLANG_CXX_LANGUAGE_STANDARD = "gnu++14";
				CLANG_CXX_LIBRARY = "libc++";
				CLANG_ENABLE_MODULES = YES;
				CLANG_ENABLE_OBJC_ARC = YES;
				CLANG_ENABLE_OBJC_WEAK = YES;
				CLANG_WARN_BLOCK_CAPTURE_AUTORELEASING = YES;
				CLANG_WARN_BOOL_CONVERSION = YES;
				CLANG_WARN_COMMA = YES;
				CLANG_WARN_CONSTANT_CONVERSION = YES;
				CLANG_WARN_DEPRECATED_OBJC_IMPLEMENTATIONS = YES;
				CLANG_WARN_DIRECT_OBJC_ISA_USAGE = YES_ERROR;
				CLANG_WARN_DOCUMENTATION_COMMENTS = YES;
				CLANG_WARN_EMPTY_BODY = YES;
				CLANG_WARN_ENUM_CONVERSION = YES;
				CLANG_WARN_INFINITE_RECURSION = YES;
				CLANG_WARN_INT_CONVERSION = YES;
				CLANG_WARN_NON_LITERAL_NULL_CONVERSION = YES;
				CLANG_WARN_OBJC_IMPLICIT_RETAIN_SELF = YES;
				CLANG_WARN_OBJC_LITERAL_CONVERSION = YES;
				CLANG_WARN_OBJC_ROOT_CLASS = YES_ERROR;
				CLANG_WARN_RANGE_LOOP_ANALYSIS = YES;
				CLANG_WARN_STRICT_PROTOTYPES = YES;
				CLANG_WARN_SUSPICIOUS_MOVE = YES;
				CLANG_WARN_UNGUARDED_AVAILABILITY = YES_AGGRESSIVE;
				CLANG_WARN_UNREACHABLE_CODE = YES;
				CLANG_WARN__DUPLICATE_METHOD_MATCH = YES;
				COPY_PHASE_STRIP = NO;
				DEBUG_INFORMATION_FORMAT = dwarf;
				ENABLE_STRICT_OBJC_MSGSEND = YES;
				ENABLE_TESTABILITY = YES;
				GCC_C_LANGUAGE_STANDARD = gnu11;
				GCC_DYNAMIC_NO_PIC = NO;
				GCC_NO_COMMON_BLOCKS = YES;
				GCC_OPTIMIZATION_LEVEL = 0;
				GCC_PREPROCESSOR_DEFINITIONS = (
					"DEBUG=1",
					"$(inherited)",
				);
				GCC_WARN_64_TO_32_BIT_CONVERSION = YES;
				GCC_WARN_ABOUT_RETURN_TYPE = YES_ERROR;
				GCC_WARN_UNDECLARED_SELECTOR = YES;
				GCC_WARN_UNINITIALIZED_AUTOS = YES_AGGRESSIVE;
				GCC_WARN_UNUSED_FUNCTION = YES;
				GCC_WARN_UNUSED_VARIABLE = YES;
				IPHONEOS_DEPLOYMENT_TARGET = 13.2;
				MTL_ENABLE_DEBUG_INFO = INCLUDE_SOURCE;
				MTL_FAST_MATH = YES;
				ONLY_ACTIVE_ARCH = YES;
				SDKROOT = iphoneos;
				SWIFT_ACTIVE_COMPILATION_CONDITIONS = DEBUG;
				SWIFT_OPTIMIZATION_LEVEL = "-Onone";
			};
			name = Debug;
		};
		6A5F8F3F24318DDB00A37D51 /* Release */ = {
			isa = XCBuildConfiguration;
			buildSettings = {
				ALWAYS_SEARCH_USER_PATHS = NO;
				CLANG_ANALYZER_NONNULL = YES;
				CLANG_ANALYZER_NUMBER_OBJECT_CONVERSION = YES_AGGRESSIVE;
				CLANG_CXX_LANGUAGE_STANDARD = "gnu++14";
				CLANG_CXX_LIBRARY = "libc++";
				CLANG_ENABLE_MODULES = YES;
				CLANG_ENABLE_OBJC_ARC = YES;
				CLANG_ENABLE_OBJC_WEAK = YES;
				CLANG_WARN_BLOCK_CAPTURE_AUTORELEASING = YES;
				CLANG_WARN_BOOL_CONVERSION = YES;
				CLANG_WARN_COMMA = YES;
				CLANG_WARN_CONSTANT_CONVERSION = YES;
				CLANG_WARN_DEPRECATED_OBJC_IMPLEMENTATIONS = YES;
				CLANG_WARN_DIRECT_OBJC_ISA_USAGE = YES_ERROR;
				CLANG_WARN_DOCUMENTATION_COMMENTS = YES;
				CLANG_WARN_EMPTY_BODY = YES;
				CLANG_WARN_ENUM_CONVERSION = YES;
				CLANG_WARN_INFINITE_RECURSION = YES;
				CLANG_WARN_INT_CONVERSION = YES;
				CLANG_WARN_NON_LITERAL_NULL_CONVERSION = YES;
				CLANG_WARN_OBJC_IMPLICIT_RETAIN_SELF = YES;
				CLANG_WARN_OBJC_LITERAL_CONVERSION = YES;
				CLANG_WARN_OBJC_ROOT_CLASS = YES_ERROR;
				CLANG_WARN_RANGE_LOOP_ANALYSIS = YES;
				CLANG_WARN_STRICT_PROTOTYPES = YES;
				CLANG_WARN_SUSPICIOUS_MOVE = YES;
				CLANG_WARN_UNGUARDED_AVAILABILITY = YES_AGGRESSIVE;
				CLANG_WARN_UNREACHABLE_CODE = YES;
				CLANG_WARN__DUPLICATE_METHOD_MATCH = YES;
				COPY_PHASE_STRIP = NO;
				DEBUG_INFORMATION_FORMAT = "dwarf-with-dsym";
				ENABLE_NS_ASSERTIONS = NO;
				ENABLE_STRICT_OBJC_MSGSEND = YES;
				GCC_C_LANGUAGE_STANDARD = gnu11;
				GCC_NO_COMMON_BLOCKS = YES;
				GCC_WARN_64_TO_32_BIT_CONVERSION = YES;
				GCC_WARN_ABOUT_RETURN_TYPE = YES_ERROR;
				GCC_WARN_UNDECLARED_SELECTOR = YES;
				GCC_WARN_UNINITIALIZED_AUTOS = YES_AGGRESSIVE;
				GCC_WARN_UNUSED_FUNCTION = YES;
				GCC_WARN_UNUSED_VARIABLE = YES;
				IPHONEOS_DEPLOYMENT_TARGET = 13.2;
				MTL_ENABLE_DEBUG_INFO = NO;
				MTL_FAST_MATH = YES;
				SDKROOT = iphoneos;
				SWIFT_COMPILATION_MODE = wholemodule;
				SWIFT_OPTIMIZATION_LEVEL = "-O";
				VALIDATE_PRODUCT = YES;
			};
			name = Release;
		};
		6A5F8F4124318DDB00A37D51 /* Debug */ = {
			isa = XCBuildConfiguration;
			buildSettings = {
				ASSETCATALOG_COMPILER_APPICON_NAME = AppIcon;
				CODE_SIGN_STYLE = Automatic;
				DEVELOPMENT_ASSET_PATHS = "\"VocabListSwiftUI/Preview Content\"";
				ENABLE_PREVIEWS = YES;
				INFOPLIST_FILE = VocabListSwiftUI/Info.plist;
				LD_RUNPATH_SEARCH_PATHS = (
					"$(inherited)",
					"@executable_path/Frameworks",
				);
				PRODUCT_BUNDLE_IDENTIFIER = SuSu.VocabListSwiftUI;
				PRODUCT_NAME = "$(TARGET_NAME)";
				SWIFT_VERSION = 5.0;
				TARGETED_DEVICE_FAMILY = "1,2";
			};
			name = Debug;
		};
		6A5F8F4224318DDB00A37D51 /* Release */ = {
			isa = XCBuildConfiguration;
			buildSettings = {
				ASSETCATALOG_COMPILER_APPICON_NAME = AppIcon;
				CODE_SIGN_STYLE = Automatic;
				DEVELOPMENT_ASSET_PATHS = "\"VocabListSwiftUI/Preview Content\"";
				ENABLE_PREVIEWS = YES;
				INFOPLIST_FILE = VocabListSwiftUI/Info.plist;
				LD_RUNPATH_SEARCH_PATHS = (
					"$(inherited)",
					"@executable_path/Frameworks",
				);
				PRODUCT_BUNDLE_IDENTIFIER = SuSu.VocabListSwiftUI;
				PRODUCT_NAME = "$(TARGET_NAME)";
				SWIFT_VERSION = 5.0;
				TARGETED_DEVICE_FAMILY = "1,2";
			};
			name = Release;
		};
		6A5F8F4424318DDB00A37D51 /* Debug */ = {
			isa = XCBuildConfiguration;
			buildSettings = {
				ALWAYS_EMBED_SWIFT_STANDARD_LIBRARIES = YES;
				BUNDLE_LOADER = "$(TEST_HOST)";
				CODE_SIGN_STYLE = Automatic;
				INFOPLIST_FILE = VocabListSwiftUITests/Info.plist;
				IPHONEOS_DEPLOYMENT_TARGET = 13.2;
				LD_RUNPATH_SEARCH_PATHS = (
					"$(inherited)",
					"@executable_path/Frameworks",
					"@loader_path/Frameworks",
				);
				PRODUCT_BUNDLE_IDENTIFIER = SuSu.VocabListSwiftUITests;
				PRODUCT_NAME = "$(TARGET_NAME)";
				SWIFT_VERSION = 5.0;
				TARGETED_DEVICE_FAMILY = "1,2";
				TEST_HOST = "$(BUILT_PRODUCTS_DIR)/VocabListSwiftUI.app/VocabListSwiftUI";
			};
			name = Debug;
		};
		6A5F8F4524318DDB00A37D51 /* Release */ = {
			isa = XCBuildConfiguration;
			buildSettings = {
				ALWAYS_EMBED_SWIFT_STANDARD_LIBRARIES = YES;
				BUNDLE_LOADER = "$(TEST_HOST)";
				CODE_SIGN_STYLE = Automatic;
				INFOPLIST_FILE = VocabListSwiftUITests/Info.plist;
				IPHONEOS_DEPLOYMENT_TARGET = 13.2;
				LD_RUNPATH_SEARCH_PATHS = (
					"$(inherited)",
					"@executable_path/Frameworks",
					"@loader_path/Frameworks",
				);
				PRODUCT_BUNDLE_IDENTIFIER = SuSu.VocabListSwiftUITests;
				PRODUCT_NAME = "$(TARGET_NAME)";
				SWIFT_VERSION = 5.0;
				TARGETED_DEVICE_FAMILY = "1,2";
				TEST_HOST = "$(BUILT_PRODUCTS_DIR)/VocabListSwiftUI.app/VocabListSwiftUI";
			};
			name = Release;
		};
		6A5F8F4724318DDB00A37D51 /* Debug */ = {
			isa = XCBuildConfiguration;
			buildSettings = {
				ALWAYS_EMBED_SWIFT_STANDARD_LIBRARIES = YES;
				CODE_SIGN_STYLE = Automatic;
				INFOPLIST_FILE = VocabListSwiftUIUITests/Info.plist;
				LD_RUNPATH_SEARCH_PATHS = (
					"$(inherited)",
					"@executable_path/Frameworks",
					"@loader_path/Frameworks",
				);
				PRODUCT_BUNDLE_IDENTIFIER = SuSu.VocabListSwiftUIUITests;
				PRODUCT_NAME = "$(TARGET_NAME)";
				SWIFT_VERSION = 5.0;
				TARGETED_DEVICE_FAMILY = "1,2";
				TEST_TARGET_NAME = VocabListSwiftUI;
			};
			name = Debug;
		};
		6A5F8F4824318DDB00A37D51 /* Release */ = {
			isa = XCBuildConfiguration;
			buildSettings = {
				ALWAYS_EMBED_SWIFT_STANDARD_LIBRARIES = YES;
				CODE_SIGN_STYLE = Automatic;
				INFOPLIST_FILE = VocabListSwiftUIUITests/Info.plist;
				LD_RUNPATH_SEARCH_PATHS = (
					"$(inherited)",
					"@executable_path/Frameworks",
					"@loader_path/Frameworks",
				);
				PRODUCT_BUNDLE_IDENTIFIER = SuSu.VocabListSwiftUIUITests;
				PRODUCT_NAME = "$(TARGET_NAME)";
				SWIFT_VERSION = 5.0;
				TARGETED_DEVICE_FAMILY = "1,2";
				TEST_TARGET_NAME = VocabListSwiftUI;
			};
			name = Release;
		};
/* End XCBuildConfiguration section */

/* Begin XCConfigurationList section */
		6A5F8F0E24318DD700A37D51 /* Build configuration list for PBXProject "VocabListSwiftUI" */ = {
			isa = XCConfigurationList;
			buildConfigurations = (
				6A5F8F3E24318DDB00A37D51 /* Debug */,
				6A5F8F3F24318DDB00A37D51 /* Release */,
			);
			defaultConfigurationIsVisible = 0;
			defaultConfigurationName = Release;
		};
		6A5F8F4024318DDB00A37D51 /* Build configuration list for PBXNativeTarget "VocabListSwiftUI" */ = {
			isa = XCConfigurationList;
			buildConfigurations = (
				6A5F8F4124318DDB00A37D51 /* Debug */,
				6A5F8F4224318DDB00A37D51 /* Release */,
			);
			defaultConfigurationIsVisible = 0;
			defaultConfigurationName = Release;
		};
		6A5F8F4324318DDB00A37D51 /* Build configuration list for PBXNativeTarget "VocabListSwiftUITests" */ = {
			isa = XCConfigurationList;
			buildConfigurations = (
				6A5F8F4424318DDB00A37D51 /* Debug */,
				6A5F8F4524318DDB00A37D51 /* Release */,
			);
			defaultConfigurationIsVisible = 0;
			defaultConfigurationName = Release;
		};
		6A5F8F4624318DDB00A37D51 /* Build configuration list for PBXNativeTarget "VocabListSwiftUIUITests" */ = {
			isa = XCConfigurationList;
			buildConfigurations = (
				6A5F8F4724318DDB00A37D51 /* Debug */,
				6A5F8F4824318DDB00A37D51 /* Release */,
			);
			defaultConfigurationIsVisible = 0;
			defaultConfigurationName = Release;
		};
/* End XCConfigurationList section */

/* Begin XCVersionGroup section */
		6A5F8F1A24318DD700A37D51 /* VocabListSwiftUI.xcdatamodeld */ = {
			isa = XCVersionGroup;
			children = (
				6A5F8F1B24318DD700A37D51 /* VocabListSwiftUI.xcdatamodel */,
			);
			currentVersion = 6A5F8F1B24318DD700A37D51 /* VocabListSwiftUI.xcdatamodel */;
			path = VocabListSwiftUI.xcdatamodeld;
			sourceTree = "<group>";
			versionGroupType = wrapper.xcdatamodel;
		};
/* End XCVersionGroup section */
	};
	rootObject = 6A5F8F0B24318DD700A37D51 /* Project object */;
}
